
Microsoft Visual Studio Solution File, Format Version 12.00
# Visual Studio Version 17
VisualStudioVersion = 17.6.33815.320
MinimumVisualStudioVersion = 10.0.40219.1
Project("{FAE04EC0-301F-11D3-BF4B-00C04F79EFBC}") = "WorkerServiceApp", "WorkerServiceApp.csproj", "{F88F1A38-27F1-4181-9DDA-429CCEBC8C9B}"
EndProject
Global
	GlobalSection(SolutionConfigurationPlatforms) = preSolution
		Debug|Any CPU = Debug|Any CPU
		Release|Any CPU = Release|Any CPU
	EndGlobalSection
	GlobalSection(ProjectConfigurationPlatforms) = postSolution
		{F88F1A38-27F1-4181-9DDA-429CCEBC8C9B}.Debug|Any CPU.ActiveCfg = Debug|Any CPU
		{F88F1A38-27F1-4181-9DDA-429CCEBC8C9B}.Debug|Any CPU.Build.0 = Debug|Any CPU
		{F88F1A38-27F1-4181-9DDA-429CCEBC8C9B}.Release|Any CPU.ActiveCfg = Release|Any CPU
		{F88F1A38-27F1-4181-9DDA-429CCEBC8C9B}.Release|Any CPU.Build.0 = Release|Any CPU
	EndGlobalSection
	GlobalSection(SolutionProperties) = preSolution
		HideSolutionNode = FALSE
	EndGlobalSection
	GlobalSection(ExtensibilityGlobals) = postSolution
		SolutionGuid = {7308C6A3-44B1-470F-92E0-343FFF442AC8}
	EndGlobalSection
EndGlobal
